# This file is @generated by Cargo.
# It is not intended for manual editing.
version = 3

[[package]]
name = "app"
version = "0.1.0"
dependencies = [
 "log",
 "serde",
 "serde_json",
 "tauri",
 "tauri-plugin-log",
]

[[package]]
name = "log"
version = "0.4.22"

[[package]]
name = "serde"
version = "1.0.210"

[[package]]
name = "serde_json"
version = "1.0.128"

[[package]]
name = "tauri"
version = "2.11.1"

[[package]]
name = "tauri-plugin-log"
version = "2.0.0"
